
Microsoft Visual Studio Solution File, Format Version 12.00
# Visual Studio Version 17
VisualStudioVersion = 17.0.31903.59
MinimumVisualStudioVersion = 10.0.40219.1
Project("{9A19103F-16F7-4668-BE54-9A1E7A4F7556}") = "checkout", "checkout\checkout.csproj", "{2A398074-1997-470E-A689-AAE501C0B5C4}"
EndProject
Project("{9A19103F-16F7-4668-BE54-9A1E7A4F7556}") = "order-processor", "order-processor\order-processor.csproj", "{B109AFBF-12CC-43CB-AC7B-3E4E384E643E}"
EndProject
Project("{2150E333-8FDC-42A3-9474-1A3956D46DE8}") = "Components", "Components", "{4C46D75B-D599-4EFB-B74C-8465AE4DEA5C}"
	ProjectSection(SolutionItems) = preProject
		components\pubsub.yaml = components\pubsub.yaml
	EndProjectSection
EndProject
Global
	GlobalSection(SolutionConfigurationPlatforms) = preSolution
		Debug|Any CPU = Debug|Any CPU
		Release|Any CPU = Release|Any CPU
	EndGlobalSection
	GlobalSection(ProjectConfigurationPlatforms) = postSolution
		{2A398074-1997-470E-A689-AAE501C0B5C4}.Debug|Any CPU.ActiveCfg = Debug|Any CPU
		{2A398074-1997-470E-A689-AAE501C0B5C4}.Debug|Any CPU.Build.0 = Debug|Any CPU
		{2A398074-1997-470E-A689-AAE501C0B5C4}.Release|Any CPU.ActiveCfg = Release|Any CPU
		{2A398074-1997-470E-A689-AAE501C0B5C4}.Release|Any CPU.Build.0 = Release|Any CPU
		{B109AFBF-12CC-43CB-AC7B-3E4E384E643E}.Debug|Any CPU.ActiveCfg = Debug|Any CPU
		{B109AFBF-12CC-43CB-AC7B-3E4E384E643E}.Debug|Any CPU.Build.0 = Debug|Any CPU
		{B109AFBF-12CC-43CB-AC7B-3E4E384E643E}.Release|Any CPU.ActiveCfg = Release|Any CPU
		{B109AFBF-12CC-43CB-AC7B-3E4E384E643E}.Release|Any CPU.Build.0 = Release|Any CPU
	EndGlobalSection
	GlobalSection(SolutionProperties) = preSolution
		HideSolutionNode = FALSE
	EndGlobalSection
	GlobalSection(ExtensibilityGlobals) = postSolution
		SolutionGuid = {7C8C47AB-FBEA-43AA-BA3D-6386FCC5C9A1}
	EndGlobalSection
EndGlobal
