
Microsoft Visual Studio Solution File, Format Version 12.00
# Visual Studio Version 17
VisualStudioVersion = 17.3.32901.215
MinimumVisualStudioVersion = 10.0.40219.1
Project("{9A19103F-16F7-4668-BE54-9A1E7A4F7556}") = "TasksTracker.TasksManager.Backend.Api", "TasksTracker.TasksManager.Backend.Api\TasksTracker.TasksManager.Backend.Api.csproj", "{7DA0C3CC-81B5-437F-8670-16D71FE90A77}"
EndProject
Project("{2150E333-8FDC-42A3-9474-1A3956D46DE8}") = "Readme", "Readme", "{7460C1E4-2E5C-4AB4-B27B-8DCB9662FF62}"
	ProjectSection(SolutionItems) = preProject
		Readme.txt = Readme.txt
	EndProjectSection
EndProject
Global
	GlobalSection(SolutionConfigurationPlatforms) = preSolution
		Debug|Any CPU = Debug|Any CPU
		Release|Any CPU = Release|Any CPU
	EndGlobalSection
	GlobalSection(ProjectConfigurationPlatforms) = postSolution
		{7DA0C3CC-81B5-437F-8670-16D71FE90A77}.Debug|Any CPU.ActiveCfg = Debug|Any CPU
		{7DA0C3CC-81B5-437F-8670-16D71FE90A77}.Debug|Any CPU.Build.0 = Debug|Any CPU
		{7DA0C3CC-81B5-437F-8670-16D71FE90A77}.Release|Any CPU.ActiveCfg = Release|Any CPU
		{7DA0C3CC-81B5-437F-8670-16D71FE90A77}.Release|Any CPU.Build.0 = Release|Any CPU
	EndGlobalSection
	GlobalSection(SolutionProperties) = preSolution
		HideSolutionNode = FALSE
	EndGlobalSection
	GlobalSection(ExtensibilityGlobals) = postSolution
		SolutionGuid = {38FD4F4B-5305-48DF-9041-D62A971E652A}
	EndGlobalSection
EndGlobal
